
Microsoft Visual Studio Solution File, Format Version 12.00
# Visual Studio Version 17
VisualStudioVersion = 17.5.33424.131
MinimumVisualStudioVersion = 10.0.40219.1
Project("{FAE04EC0-301F-11D3-BF4B-00C04F79EFBC}") = "test", "test\test.csproj", "{510717EB-9A52-40DC-BB0D-EB36EA351462}"
EndProject
Project("{2150E333-8FDC-42A3-9474-1A3956D46DE8}") = "Solution Items", "Solution Items", "{A5619033-7C69-49E4-87F7-676DCF23109B}"
EndProject
Global
	GlobalSection(SolutionConfigurationPlatforms) = preSolution
		Debug|Any CPU = Debug|Any CPU
		Release|Any CPU = Release|Any CPU
	EndGlobalSection
	GlobalSection(ProjectConfigurationPlatforms) = postSolution
		{510717EB-9A52-40DC-BB0D-EB36EA351462}.Debug|Any CPU.ActiveCfg = Debug|Any CPU
		{510717EB-9A52-40DC-BB0D-EB36EA351462}.Debug|Any CPU.Build.0 = Debug|Any CPU
		{510717EB-9A52-40DC-BB0D-EB36EA351462}.Release|Any CPU.ActiveCfg = Release|Any CPU
		{510717EB-9A52-40DC-BB0D-EB36EA351462}.Release|Any CPU.Build.0 = Release|Any CPU
	EndGlobalSection
	GlobalSection(SolutionProperties) = preSolution
		HideSolutionNode = FALSE
	EndGlobalSection
	GlobalSection(ExtensibilityGlobals) = postSolution
		SolutionGuid = {8901C0E3-E4FC-4058-8FB3-BE86E3D885EA}
	EndGlobalSection
EndGlobal
